// !$*UTF8*$!
{
	archiveVersion = 1;
	classes = {
	};
	objectVersion = 77;
	objects = {

/* Begin PBXBuildFile section */
		29B7AC689D7ECABE862F8993 /* KotlinMultiplatformLinkedPackage in Frameworks */ = {isa = PBXBuildFile; productRef = 86FC7F99DFAC930297E290C9 /* KotlinMultiplatformLinkedPackage */; };
		83641F60A8AD9D1EF32AD59D /* RootTabBar.swift in Sources */ = {isa = PBXBuildFile; fileRef = EFE6C3B10B0A858E2CE5167D /* RootTabBar.swift */; };
		A4676EF62EEC5C2C04DFD96B /* Assets.xcassets in Resources */ = {isa = PBXBuildFile; fileRef = D405205C53031FB81660F831 /* Assets.xcassets */; };
		D704DE42B3A2D6012FBD2465 /* KaigiAppApp.swift in Sources */ = {isa = PBXBuildFile; fileRef = 8485AEBFE26147661BEDAD60 /* KaigiAppApp.swift */; };
/* End PBXBuildFile section */

/* Begin PBXFileReference section */
		176C221CF46F0DEA006730BF /* KotlinMultiplatformLinkedPackage */ = {isa = PBXFileReference; lastKnownFileType = folder; name = KotlinMultiplatformLinkedPackage; path = KotlinMultiplatformLinkedPackage; sourceTree = SOURCE_ROOT; };
		7E532852B454CE5AA4197950 /* KaigiApp.app */ = {isa = PBXFileReference; includeInIndex = 0; lastKnownFileType = wrapper.application; path = KaigiApp.app; sourceTree = BUILT_PRODUCTS_DIR; };
		8485AEBFE26147661BEDAD60 /* KaigiAppApp.swift */ = {isa = PBXFileReference; lastKnownFileType = sourcecode.swift; path = KaigiAppApp.swift; sourceTree = "<group>"; };
		D405205C53031FB81660F831 /* Assets.xcassets */ = {isa = PBXFileReference; lastKnownFileType = folder.assetcatalog; path = Assets.xcassets; sourceTree = "<group>"; };
		EFE6C3B10B0A858E2CE5167D /* RootTabBar.swift */ = {isa = PBXFileReference; lastKnownFileType = sourcecode.swift; path = RootTabBar.swift; sourceTree = "<group>"; };
/* End PBXFileReference section */

/* Begin PBXFrameworksBuildPhase section */
		1D6DB8C56FA9ADC3C7F33FAC /* Frameworks */ = {
			isa = PBXFrameworksBuildPhase;
			buildActionMask = 2147483647;
			files = (
				29B7AC689D7ECABE862F8993 /* KotlinMultiplatformLinkedPackage in Frameworks */,
			);
			runOnlyForDeploymentPostprocessing = 0;
		};
/* End PBXFrameworksBuildPhase section */

/* Begin PBXGroup section */
		222E49AA41115FA6A90758FF /* Sources */ = {
			isa = PBXGroup;
			children = (
				D405205C53031FB81660F831 /* Assets.xcassets */,
				8485AEBFE26147661BEDAD60 /* KaigiAppApp.swift */,
				EFE6C3B10B0A858E2CE5167D /* RootTabBar.swift */,
			);
			path = Sources;
			sourceTree = "<group>";
		};
		3A9175E391B57E199467DC61 = {
			isa = PBXGroup;
			children = (
				E31C00E7172728CFEAA83251 /* Packages */,
				222E49AA41115FA6A90758FF /* Sources */,
				5120FFD4AC77D2D7FC198913 /* Products */,
			);
			sourceTree = "<group>";
		};
		5120FFD4AC77D2D7FC198913 /* Products */ = {
			isa = PBXGroup;
			children = (
				7E532852B454CE5AA4197950 /* KaigiApp.app */,
			);
			name = Products;
			sourceTree = "<group>";
		};
		E31C00E7172728CFEAA83251 /* Packages */ = {
			isa = PBXGroup;
			children = (
				176C221CF46F0DEA006730BF /* KotlinMultiplatformLinkedPackage */,
			);
			name = Packages;
			sourceTree = "<group>";
		};
/* End PBXGroup section */

/* Begin PBXNativeTarget section */
		FD564C3238906D613578B698 /* KaigiApp */ = {
			isa = PBXNativeTarget;
			buildConfigurationList = D1D8B753AAA17DCA2FD54E14 /* Build configuration list for PBXNativeTarget "KaigiApp" */;
			buildPhases = (
				1DB46F5BFC29D84D2A7D5114 /* Embed Kotlin Swift Export Library */,
				7E31774264CF47925A1A2DE0 /* Generate Swift Package Licenses */,
				A76C21A78BACE5B40893A930 /* Sources */,
				A4A0E4BEAA419429A1E3D4BB /* Resources */,
				1D6DB8C56FA9ADC3C7F33FAC /* Frameworks */,
			);
			buildRules = (
			);
			dependencies = (
			);
			name = KaigiApp;
			packageProductDependencies = (
				86FC7F99DFAC930297E290C9 /* KotlinMultiplatformLinkedPackage */,
			);
			productName = KaigiApp;
			productReference = 7E532852B454CE5AA4197950 /* KaigiApp.app */;
			productType = "com.apple.product-type.application";
		};
/* End PBXNativeTarget section */

/* Begin PBXProject section */
		BFB551398D30F0DBD363B8C9 /* Project object */ = {
			isa = PBXProject;
			attributes = {
				BuildIndependentTargetsInParallel = YES;
				LastUpgradeCheck = 1430;
				TargetAttributes = {
				};
			};
			buildConfigurationList = D5EB30EB1DD78DE0BDE08349 /* Build configuration list for PBXProject "KaigiApp" */;
			developmentRegion = en;
			hasScannedForEncodings = 0;
			knownRegions = (
				Base,
				en,
			);
			mainGroup = 3A9175E391B57E199467DC61;
			minimizedProjectReferenceProxies = 1;
			packageReferences = (
				714E95472E165F30B1EB2BDD /* XCLocalSwiftPackageReference "KotlinMultiplatformLinkedPackage" */,
			);
			preferredProjectObjectVersion = 77;
			productRefGroup = 5120FFD4AC77D2D7FC198913 /* Products */;
			projectDirPath = "";
			projectRoot = "";
			targets = (
				FD564C3238906D613578B698 /* KaigiApp */,
			);
		};
/* End PBXProject section */

/* Begin PBXResourcesBuildPhase section */
		A4A0E4BEAA419429A1E3D4BB /* Resources */ = {
			isa = PBXResourcesBuildPhase;
			buildActionMask = 2147483647;
			files = (
				A4676EF62EEC5C2C04DFD96B /* Assets.xcassets in Resources */,
			);
			runOnlyForDeploymentPostprocessing = 0;
		};
/* End PBXResourcesBuildPhase section */

/* Begin PBXShellScriptBuildPhase section */
		1DB46F5BFC29D84D2A7D5114 /* Embed Kotlin Swift Export Library */ = {
			isa = PBXShellScriptBuildPhase;
			alwaysOutOfDate = 1;
			buildActionMask = 2147483647;
			files = (
			);
			inputFileListPaths = (
			);
			inputPaths = (
			);
			name = "Embed Kotlin Swift Export Library";
			outputFileListPaths = (
			);
			outputPaths = (
			);
			runOnlyForDeploymentPostprocessing = 0;
			shellPath = /bin/sh;
			shellScript = "cd \"$SRCROOT/..\" && env -u SWIFT_INCLUDE_PATHS ./gradlew :app-ios-kotlin:embedSwiftExportForXcode";
		};
		7E31774264CF47925A1A2DE0 /* Generate Swift Package Licenses */ = {
			isa = PBXShellScriptBuildPhase;
			alwaysOutOfDate = 1;
			buildActionMask = 2147483647;
			files = (
			);
			inputFileListPaths = (
			);
			inputPaths = (
			);
			name = "Generate Swift Package Licenses";
			outputFileListPaths = (
			);
			outputPaths = (
			);
			runOnlyForDeploymentPostprocessing = 0;
			shellPath = /bin/sh;
			shellScript = "$SRCROOT/scripts/generate-swift-package-licenses.py";
		};
/* End PBXShellScriptBuildPhase section */

/* Begin PBXSourcesBuildPhase section */
		A76C21A78BACE5B40893A930 /* Sources */ = {
			isa = PBXSourcesBuildPhase;
			buildActionMask = 2147483647;
			files = (
				D704DE42B3A2D6012FBD2465 /* KaigiAppApp.swift in Sources */,
				83641F60A8AD9D1EF32AD59D /* RootTabBar.swift in Sources */,
			);
			runOnlyForDeploymentPostprocessing = 0;
		};
/* End PBXSourcesBuildPhase section */

/* Begin XCBuildConfiguration section */
		1921EBC7ACB7E697A787088A /* Release */ = {
			isa = XCBuildConfiguration;
			buildSettings = {
				ALWAYS_SEARCH_USER_PATHS = NO;
				CLANG_ANALYZER_NONNULL = YES;
				CLANG_ANALYZER_NUMBER_OBJECT_CONVERSION = YES_AGGRESSIVE;
				CLANG_CXX_LANGUAGE_STANDARD = "gnu++14";
				CLANG_CXX_LIBRARY = "libc++";
				CLANG_ENABLE_MODULES = YES;
				CLANG_ENABLE_OBJC_ARC = YES;
				CLANG_ENABLE_OBJC_WEAK = YES;
				CLANG_WARN_BLOCK_CAPTURE_AUTORELEASING = YES;
				CLANG_WARN_BOOL_CONVERSION = YES;
				CLANG_WARN_COMMA = YES;
				CLANG_WARN_CONSTANT_CONVERSION = YES;
				CLANG_WARN_DEPRECATED_OBJC_IMPLEMENTATIONS = YES;
				CLANG_WARN_DIRECT_OBJC_ISA_USAGE = YES_ERROR;
				CLANG_WARN_DOCUMENTATION_COMMENTS = YES;
				CLANG_WARN_EMPTY_BODY = YES;
				CLANG_WARN_ENUM_CONVERSION = YES;
				CLANG_WARN_INFINITE_RECURSION = YES;
				CLANG_WARN_INT_CONVERSION = YES;
				CLANG_WARN_NON_LITERAL_NULL_CONVERSION = YES;
				CLANG_WARN_OBJC_IMPLICIT_RETAIN_SELF = YES;
				CLANG_WARN_OBJC_LITERAL_CONVERSION = YES;
				CLANG_WARN_OBJC_ROOT_CLASS = YES_ERROR;
				CLANG_WARN_QUOTED_INCLUDE_IN_FRAMEWORK_HEADER = YES;
				CLANG_WARN_RANGE_LOOP_ANALYSIS = YES;
				CLANG_WARN_STRICT_PROTOTYPES = YES;
				CLANG_WARN_SUSPICIOUS_MOVE = YES;
				CLANG_WARN_UNGUARDED_AVAILABILITY = YES_AGGRESSIVE;
				CLANG_WARN_UNREACHABLE_CODE = YES;
				CLANG_WARN__DUPLICATE_METHOD_MATCH = YES;
				COPY_PHASE_STRIP = NO;
				DEBUG_INFORMATION_FORMAT = "dwarf-with-dsym";
				ENABLE_NS_ASSERTIONS = NO;
				ENABLE_STRICT_OBJC_MSGSEND = YES;
				GCC_C_LANGUAGE_STANDARD = gnu11;
				GCC_NO_COMMON_BLOCKS = YES;
				GCC_WARN_64_TO_32_BIT_CONVERSION = YES;
				GCC_WARN_ABOUT_RETURN_TYPE = YES_ERROR;
				GCC_WARN_UNDECLARED_SELECTOR = YES;
				GCC_WARN_UNINITIALIZED_AUTOS = YES_AGGRESSIVE;
				GCC_WARN_UNUSED_FUNCTION = YES;
				GCC_WARN_UNUSED_VARIABLE = YES;
				IPHONEOS_DEPLOYMENT_TARGET = 16.0;
				MTL_ENABLE_DEBUG_INFO = NO;
				MTL_FAST_MATH = YES;
				PRODUCT_NAME = "$(TARGET_NAME)";
				SDKROOT = iphoneos;
				SWIFT_COMPILATION_MODE = wholemodule;
				SWIFT_OPTIMIZATION_LEVEL = "-O";
				SWIFT_VERSION = 6.0;
				TARGETED_DEVICE_FAMILY = 1;
			};
			name = Release;
		};
		2F1C3A0FCB0D4E69B0814AC2 /* Debug */ = {
			isa = XCBuildConfiguration;
			buildSettings = {
				ALWAYS_SEARCH_USER_PATHS = NO;
				CLANG_ANALYZER_NONNULL = YES;
				CLANG_ANALYZER_NUMBER_OBJECT_CONVERSION = YES_AGGRESSIVE;
				CLANG_CXX_LANGUAGE_STANDARD = "gnu++14";
				CLANG_CXX_LIBRARY = "libc++";
				CLANG_ENABLE_MODULES = YES;
				CLANG_ENABLE_OBJC_ARC = YES;
				CLANG_ENABLE_OBJC_WEAK = YES;
				CLANG_WARN_BLOCK_CAPTURE_AUTORELEASING = YES;
				CLANG_WARN_BOOL_CONVERSION = YES;
				CLANG_WARN_COMMA = YES;
				CLANG_WARN_CONSTANT_CONVERSION = YES;
				CLANG_WARN_DEPRECATED_OBJC_IMPLEMENTATIONS = YES;
				CLANG_WARN_DIRECT_OBJC_ISA_USAGE = YES_ERROR;
				CLANG_WARN_DOCUMENTATION_COMMENTS = YES;
				CLANG_WARN_EMPTY_BODY = YES;
				CLANG_WARN_ENUM_CONVERSION = YES;
				CLANG_WARN_INFINITE_RECURSION = YES;
				CLANG_WARN_INT_CONVERSION = YES;
				CLANG_WARN_NON_LITERAL_NULL_CONVERSION = YES;
				CLANG_WARN_OBJC_IMPLICIT_RETAIN_SELF = YES;
				CLANG_WARN_OBJC_LITERAL_CONVERSION = YES;
				CLANG_WARN_OBJC_ROOT_CLASS = YES_ERROR;
				CLANG_WARN_QUOTED_INCLUDE_IN_FRAMEWORK_HEADER = YES;
				CLANG_WARN_RANGE_LOOP_ANALYSIS = YES;
				CLANG_WARN_STRICT_PROTOTYPES = YES;
				CLANG_WARN_SUSPICIOUS_MOVE = YES;
				CLANG_WARN_UNGUARDED_AVAILABILITY = YES_AGGRESSIVE;
				CLANG_WARN_UNREACHABLE_CODE = YES;
				CLANG_WARN__DUPLICATE_METHOD_MATCH = YES;
				COPY_PHASE_STRIP = NO;
				DEBUG_INFORMATION_FORMAT = dwarf;
				ENABLE_STRICT_OBJC_MSGSEND = YES;
				ENABLE_TESTABILITY = YES;
				GCC_C_LANGUAGE_STANDARD = gnu11;
				GCC_DYNAMIC_NO_PIC = NO;
				GCC_NO_COMMON_BLOCKS = YES;
				GCC_OPTIMIZATION_LEVEL = 0;
				GCC_PREPROCESSOR_DEFINITIONS = (
					"$(inherited)",
					"DEBUG=1",
				);
				GCC_WARN_64_TO_32_BIT_CONVERSION = YES;
				GCC_WARN_ABOUT_RETURN_TYPE = YES_ERROR;
				GCC_WARN_UNDECLARED_SELECTOR = YES;
				GCC_WARN_UNINITIALIZED_AUTOS = YES_AGGRESSIVE;
				GCC_WARN_UNUSED_FUNCTION = YES;
				GCC_WARN_UNUSED_VARIABLE = YES;
				IPHONEOS_DEPLOYMENT_TARGET = 16.0;
				MTL_ENABLE_DEBUG_INFO = INCLUDE_SOURCE;
				MTL_FAST_MATH = YES;
				ONLY_ACTIVE_ARCH = YES;
				PRODUCT_NAME = "$(TARGET_NAME)";
				SDKROOT = iphoneos;
				SWIFT_ACTIVE_COMPILATION_CONDITIONS = DEBUG;
				SWIFT_OPTIMIZATION_LEVEL = "-Onone";
				SWIFT_VERSION = 6.0;
				TARGETED_DEVICE_FAMILY = 1;
			};
			name = Debug;
		};
		704C8DDF5FDDE6E9462180E3 /* Release */ = {
			isa = XCBuildConfiguration;
			buildSettings = {
				ASSETCATALOG_COMPILER_APPICON_NAME = AppIcon;
				CODE_SIGN_IDENTITY = "iPhone Developer";
				ENABLE_USER_SCRIPT_SANDBOXING = NO;
				GENERATE_INFOPLIST_FILE = NO;
				INFOPLIST_FILE = "KaigiApp-Info.plist";
				IPHONEOS_DEPLOYMENT_TARGET = 16.0;
				LD_RUNPATH_SEARCH_PATHS = (
					"$(inherited)",
					"@executable_path/Frameworks",
				);
				LIBRARY_SEARCH_PATHS = (
					"$(inherited)",
					"$(BUILT_PRODUCTS_DIR)",
				);
				OTHER_LDFLAGS = (
					"$(inherited)",
					"-lAppShared",
				);
				PRODUCT_BUNDLE_IDENTIFIER = io.github.droidkaigi.confsched.kaigiapp;
				SDKROOT = iphoneos;
				SWIFT_INCLUDE_PATHS = (
					"$(inherited)",
					"$(BUILT_PRODUCTS_DIR)/**",
				);
				TARGETED_DEVICE_FAMILY = "1,2";
			};
			name = Release;
		};
		CBDE5D5DC65F3F28A8A88354 /* Debug */ = {
			isa = XCBuildConfiguration;
			buildSettings = {
				ASSETCATALOG_COMPILER_APPICON_NAME = AppIcon;
				CODE_SIGN_IDENTITY = "iPhone Developer";
				ENABLE_USER_SCRIPT_SANDBOXING = NO;
				GENERATE_INFOPLIST_FILE = NO;
				INFOPLIST_FILE = "KaigiApp-Info.plist";
				IPHONEOS_DEPLOYMENT_TARGET = 16.0;
				LD_RUNPATH_SEARCH_PATHS = (
					"$(inherited)",
					"@executable_path/Frameworks",
				);
				LIBRARY_SEARCH_PATHS = (
					"$(inherited)",
					"$(BUILT_PRODUCTS_DIR)",
				);
				OTHER_LDFLAGS = (
					"$(inherited)",
					"-lAppShared",
				);
				PRODUCT_BUNDLE_IDENTIFIER = io.github.droidkaigi.confsched.kaigiapp;
				SDKROOT = iphoneos;
				SWIFT_INCLUDE_PATHS = (
					"$(inherited)",
					"$(BUILT_PRODUCTS_DIR)/**",
				);
				TARGETED_DEVICE_FAMILY = "1,2";
			};
			name = Debug;
		};
/* End XCBuildConfiguration section */

/* Begin XCConfigurationList section */
		D1D8B753AAA17DCA2FD54E14 /* Build configuration list for PBXNativeTarget "KaigiApp" */ = {
			isa = XCConfigurationList;
			buildConfigurations = (
				CBDE5D5DC65F3F28A8A88354 /* Debug */,
				704C8DDF5FDDE6E9462180E3 /* Release */,
			);
			defaultConfigurationIsVisible = 0;
			defaultConfigurationName = Debug;
		};
		D5EB30EB1DD78DE0BDE08349 /* Build configuration list for PBXProject "KaigiApp" */ = {
			isa = XCConfigurationList;
			buildConfigurations = (
				2F1C3A0FCB0D4E69B0814AC2 /* Debug */,
				1921EBC7ACB7E697A787088A /* Release */,
			);
			defaultConfigurationIsVisible = 0;
			defaultConfigurationName = Debug;
		};
/* End XCConfigurationList section */

/* Begin XCLocalSwiftPackageReference section */
		714E95472E165F30B1EB2BDD /* XCLocalSwiftPackageReference "KotlinMultiplatformLinkedPackage" */ = {
			isa = XCLocalSwiftPackageReference;
			relativePath = KotlinMultiplatformLinkedPackage;
		};
/* End XCLocalSwiftPackageReference section */

/* Begin XCSwiftPackageProductDependency section */
		86FC7F99DFAC930297E290C9 /* KotlinMultiplatformLinkedPackage */ = {
			isa = XCSwiftPackageProductDependency;
			productName = KotlinMultiplatformLinkedPackage;
		};
/* End XCSwiftPackageProductDependency section */
	};
	rootObject = BFB551398D30F0DBD363B8C9 /* Project object */;
}
